
Microsoft Visual Studio Solution File, Format Version 12.00
# Visual Studio 15
VisualStudioVersion = 15.0.27130.2010
MinimumVisualStudioVersion = 10.0.40219.1
Project("{FAE04EC0-301F-11D3-BF4B-00C04F79EFBC}") = "ServiceCore", "ServiceCore.csproj", "{1D78349F-5261-4208-A5EA-138228B62BD7}"
EndProject
Global
	GlobalSection(SolutionConfigurationPlatforms) = preSolution
		Debug|Any CPU = Debug|Any CPU
		Release|Any CPU = Release|Any CPU
	EndGlobalSection
	GlobalSection(ProjectConfigurationPlatforms) = postSolution
		{1D78349F-5261-4208-A5EA-138228B62BD7}.Debug|Any CPU.ActiveCfg = Debug|Any CPU
		{1D78349F-5261-4208-A5EA-138228B62BD7}.Debug|Any CPU.Build.0 = Debug|Any CPU
		{1D78349F-5261-4208-A5EA-138228B62BD7}.Release|Any CPU.ActiveCfg = Release|Any CPU
		{1D78349F-5261-4208-A5EA-138228B62BD7}.Release|Any CPU.Build.0 = Release|Any CPU
	EndGlobalSection
	GlobalSection(SolutionProperties) = preSolution
		HideSolutionNode = FALSE
	EndGlobalSection
	GlobalSection(ExtensibilityGlobals) = postSolution
		SolutionGuid = {CF2ED55E-BEC1-4EAD-8168-C4C618A9533F}
	EndGlobalSection
EndGlobal
